
Microsoft Visual Studio Solution File, Format Version 12.00
# Visual Studio Version 17
VisualStudioVersion = 17.11.35431.28
MinimumVisualStudioVersion = 10.0.40219.1
Project("{9A19103F-16F7-4668-BE54-9A1E7A4F7556}") = "Entities", "Entities\Entities.csproj", "{304FB767-25B9-4A1A-AB8E-ECE35D18DED7}"
EndProject
Project("{9A19103F-16F7-4668-BE54-9A1E7A4F7556}") = "DAL", "DAL\DAL.csproj", "{08C8ADFF-5205-4EBB-8344-E40F4D83F377}"
EndProject
Project("{FAE04EC0-301F-11D3-BF4B-00C04F79EFBC}") = "BackEnd", "BackEnd\BackEnd.csproj", "{1C849C3B-AA7A-45CF-A9A1-FAA3E38501D7}"
EndProject
Global
	GlobalSection(SolutionConfigurationPlatforms) = preSolution
		Debug|Any CPU = Debug|Any CPU
		Release|Any CPU = Release|Any CPU
	EndGlobalSection
	GlobalSection(ProjectConfigurationPlatforms) = postSolution
		{304FB767-25B9-4A1A-AB8E-ECE35D18DED7}.Debug|Any CPU.ActiveCfg = Debug|Any CPU
		{304FB767-25B9-4A1A-AB8E-ECE35D18DED7}.Debug|Any CPU.Build.0 = Debug|Any CPU
		{304FB767-25B9-4A1A-AB8E-ECE35D18DED7}.Release|Any CPU.ActiveCfg = Release|Any CPU
		{304FB767-25B9-4A1A-AB8E-ECE35D18DED7}.Release|Any CPU.Build.0 = Release|Any CPU
		{08C8ADFF-5205-4EBB-8344-E40F4D83F377}.Debug|Any CPU.ActiveCfg = Debug|Any CPU
		{08C8ADFF-5205-4EBB-8344-E40F4D83F377}.Debug|Any CPU.Build.0 = Debug|Any CPU
		{08C8ADFF-5205-4EBB-8344-E40F4D83F377}.Release|Any CPU.ActiveCfg = Release|Any CPU
		{08C8ADFF-5205-4EBB-8344-E40F4D83F377}.Release|Any CPU.Build.0 = Release|Any CPU
		{1C849C3B-AA7A-45CF-A9A1-FAA3E38501D7}.Debug|Any CPU.ActiveCfg = Debug|Any CPU
		{1C849C3B-AA7A-45CF-A9A1-FAA3E38501D7}.Debug|Any CPU.Build.0 = Debug|Any CPU
		{1C849C3B-AA7A-45CF-A9A1-FAA3E38501D7}.Release|Any CPU.ActiveCfg = Release|Any CPU
		{1C849C3B-AA7A-45CF-A9A1-FAA3E38501D7}.Release|Any CPU.Build.0 = Release|Any CPU
	EndGlobalSection
	GlobalSection(SolutionProperties) = preSolution
		HideSolutionNode = FALSE
	EndGlobalSection
	GlobalSection(ExtensibilityGlobals) = postSolution
		SolutionGuid = {E39E31F4-42F9-479D-889C-28432DC2A6FE}
	EndGlobalSection
EndGlobal
